github.com/mattn/go-colorable v0.1.4 h1:snbPLB8fVfU9iwbbo30TPtbLRzwWu6aJS6Xh4eaaviA=
github.com/mattn/go-colorable v0.1.4/go.mod h1:U0ppj6V5qS13XJ6of8GYAs25YV2eR4EVcfRqFIhoBtE=
github.com/mattn/go-isatty v0.0.8 h1:HLtExJ+uU2HOZ+wI0Tt5DtUDrx8yhUqDcp7fYERX4CE=
github.com/mattn/go-isatty v0.0.8/go.mod h1:Iq45c/XA43vh69/j3iqttzPXn0bhXyGjM0Hdxcsrc5s=
github.com/qamarian-dtp/err v0.4.0 h1:QGhnti06j8bZR0qn7cK7MfqSW+WOB0JOyKUWzJxul7g=
github.com/qamarian-dtp/err v0.4.0/go.mod h1:fm/KtLhNmcQ6w5YRzbHRQe3ET7U0qrHnDIs878eRZfg=
github.com/qamarian-dtp/unket v0.1.1 h1:8VB1FvEh1Yg+q2Ud1BUnX4L5TttWs1bo5fxzdTivoKo=
github.com/qamarian-dtp/unket v0.1.1/go.mod h1:+3u6E+coMgKFG4nssE5fVOp60WFCCaWsw/56m1C5+n8=
github.com/qamarian-lib/err v0.4.0 h1:YHcaxRLQxgz/JXyWVqequ4oix/FaM+X++GC1m5yzpj8=
github.com/qamarian-lib/err v0.4.0/go.mod h1:KWdivfZyYkxtymEoylzvISmmCEua4/zCNcUppLA0zxg=
golang.org/x/sys v0.0.0-20190222072716-a9d3bda3a223 h1:DH4skfRX4EBpamg7iV4ZlCpblAHI6s6TDM39bFZumv8=
golang.org/x/sys v0.0.0-20190222072716-a9d3bda3a223/go.mod h1:STP8DvDyc/dI5b8T5hshtkjS+E42TnysNCUPdjciGhY=
gopkg.in/mgutz/ansi.v0 v0.0.0-20170206155736-9520e82c474b h1:yiGFS4XxFu/yT6fonHx8Y+GJim2/xDY4kDD56xnw2dg=
gopkg.in/mgutz/ansi.v0 v0.0.0-20170206155736-9520e82c474b/go.mod h1:YvxU/+gZoM/6+eZs3ub0QwyUenUWQrvTvpSOUR2OHeE=
gopkg.in/qamarian-dtp/err.v0 v0.4.0/go.mod h1:q3EKST7i1Fte6SPxbTKdK4EzFqu2BDl1H0tlsVzUnUk=
gopkg.in/qamarian-lib/str.v2 v2.0.0/go.mod h1:hL2Stzhx1U0DtfwUBrRfMv4n5D555Y/qeNh50UiJJck=
gopkg.in/qamarian-lib/str.v3 v3.0.0 h1:tAthrF2aLLVbhUEwV6lZT+U+U4DWBKpUccHW74ItXuI=
gopkg.in/qamarian-lib/str.v3 v3.0.0/go.mod h1:IGYcwpkca/ItKphhN/vDVDkXDULyeBPIEp7WIMORlIE=
